github.com/uia-worker/misc v0.0.0-20230306201706-92c01d4aa553 h1:GG7TZQikBrgnHTWPww3Pj32XzKpMQ80sCN562TgOPyo=
github.com/uia-worker/misc v0.0.0-20230306201706-92c01d4aa553/go.mod h1:KpplOC8PKuvyVl7IsIiGZGaEXNxK54Dgj0EoV7Czork=
github.com/xBroccoliMaster69x/funtemps v0.0.0-20230309125015-89451abbfb4f h1:TTkbl2qcwhoOp+6DxwsAWRcXdXGIFqoKLGsDAhyXu4Q=
github.com/xBroccoliMaster69x/funtemps v0.0.0-20230309125015-89451abbfb4f/go.mod h1:M1RBTZbLaK6ou+5RZ86IWO8rLjrId9aTgqUkyHWAAuY=
